
Microsoft Visual Studio Solution File, Format Version 9.00
# Visual Studio 2005
Project("{FAE04EC0-301F-11D3-BF4B-00C04F79EFBC}") = "ManagedFusion", "ManagedFusion.csproj", "{F26CF465-ECA9-43CB-AB25-7EC557CFA0CE}"
	ProjectSection(WebsiteProperties) = preProject
		Debug.AspNetCompiler.Debug = "True"
		Release.AspNetCompiler.Debug = "False"
	EndProjectSection
EndProject
Global
	GlobalSection(SolutionConfigurationPlatforms) = preSolution
		Debug|Any CPU = Debug|Any CPU
		Release|Any CPU = Release|Any CPU
	EndGlobalSection
	GlobalSection(ProjectConfigurationPlatforms) = postSolution
		{F26CF465-ECA9-43CB-AB25-7EC557CFA0CE}.Debug|Any CPU.ActiveCfg = Debug|Any CPU
		{F26CF465-ECA9-43CB-AB25-7EC557CFA0CE}.Debug|Any CPU.Build.0 = Debug|Any CPU
		{F26CF465-ECA9-43CB-AB25-7EC557CFA0CE}.Release|Any CPU.ActiveCfg = Release|Any CPU
		{F26CF465-ECA9-43CB-AB25-7EC557CFA0CE}.Release|Any CPU.Build.0 = Release|Any CPU
	EndGlobalSection
	GlobalSection(SolutionProperties) = preSolution
		HideSolutionNode = FALSE
	EndGlobalSection
EndGlobal
